
Microsoft Visual Studio Solution File, Format Version 12.00
# Visual Studio 15
VisualStudioVersion = 15.0.27130.2036
MinimumVisualStudioVersion = 10.0.40219.1
Project("{9A19103F-16F7-4668-BE54-9A1E7A4F7556}") = "Dash", "Dash\Dash.csproj", "{A83AC1B8-F676-4639-BFD8-CD1A97D20A91}"
EndProject
Project("{9A19103F-16F7-4668-BE54-9A1E7A4F7556}") = "Dash.I18n", "Dash.I18n\Dash.I18n.csproj", "{06D32664-4F90-4D6D-B4B8-B46C7DDB9062}"
EndProject
Project("{00D1A9C2-B5F0-4AF3-8072-F6C62B433612}") = "Dash.Database", "Dash.Database\Dash.Database.sqlproj", "{AACD709E-7F58-4ADA-9F8B-9B36022024FC}"
EndProject
Project("{2150E333-8FDC-42A3-9474-1A3956D46DE8}") = "Solution Items", "Solution Items", "{B1DBC1AD-9A08-4070-9A4E-DDED91A15D73}"
	ProjectSection(SolutionItems) = preProject
		.editorconfig = .editorconfig
	EndProjectSection
EndProject
Global
	GlobalSection(SolutionConfigurationPlatforms) = preSolution
		Debug|Any CPU = Debug|Any CPU
		Release|Any CPU = Release|Any CPU
	EndGlobalSection
	GlobalSection(ProjectConfigurationPlatforms) = postSolution
		{A83AC1B8-F676-4639-BFD8-CD1A97D20A91}.Debug|Any CPU.ActiveCfg = Debug|Any CPU
		{A83AC1B8-F676-4639-BFD8-CD1A97D20A91}.Debug|Any CPU.Build.0 = Debug|Any CPU
		{A83AC1B8-F676-4639-BFD8-CD1A97D20A91}.Release|Any CPU.ActiveCfg = Release|Any CPU
		{A83AC1B8-F676-4639-BFD8-CD1A97D20A91}.Release|Any CPU.Build.0 = Release|Any CPU
		{06D32664-4F90-4D6D-B4B8-B46C7DDB9062}.Debug|Any CPU.ActiveCfg = Debug|Any CPU
		{06D32664-4F90-4D6D-B4B8-B46C7DDB9062}.Debug|Any CPU.Build.0 = Debug|Any CPU
		{06D32664-4F90-4D6D-B4B8-B46C7DDB9062}.Release|Any CPU.ActiveCfg = Release|Any CPU
		{06D32664-4F90-4D6D-B4B8-B46C7DDB9062}.Release|Any CPU.Build.0 = Release|Any CPU
		{AACD709E-7F58-4ADA-9F8B-9B36022024FC}.Debug|Any CPU.ActiveCfg = Debug|Any CPU
		{AACD709E-7F58-4ADA-9F8B-9B36022024FC}.Debug|Any CPU.Build.0 = Debug|Any CPU
		{AACD709E-7F58-4ADA-9F8B-9B36022024FC}.Debug|Any CPU.Deploy.0 = Debug|Any CPU
		{AACD709E-7F58-4ADA-9F8B-9B36022024FC}.Release|Any CPU.ActiveCfg = Release|Any CPU
		{AACD709E-7F58-4ADA-9F8B-9B36022024FC}.Release|Any CPU.Build.0 = Release|Any CPU
		{AACD709E-7F58-4ADA-9F8B-9B36022024FC}.Release|Any CPU.Deploy.0 = Release|Any CPU
	EndGlobalSection
	GlobalSection(SolutionProperties) = preSolution
		HideSolutionNode = FALSE
	EndGlobalSection
	GlobalSection(ExtensibilityGlobals) = postSolution
		SolutionGuid = {DD4BFCD1-1B7E-4606-A3EA-3705489D7FB2}
	EndGlobalSection
EndGlobal
